
Microsoft Visual Studio Solution File, Format Version 12.00
# Visual Studio Version 17
VisualStudioVersion = 17.5.33516.290
MinimumVisualStudioVersion = 10.0.40219.1
Project("{FAE04EC0-301F-11D3-BF4B-00C04F79EFBC}") = "Lab1", "Lab1\Lab1.csproj", "{4E06B95F-4DA2-4C90-8453-6ABFB500855A}"
EndProject
Project("{FAE04EC0-301F-11D3-BF4B-00C04F79EFBC}") = "Lab2", "Lab2\Lab2.csproj", "{DE36EDED-B0C5-4ADF-88C9-F76297535CB8}"
EndProject
Project("{FAE04EC0-301F-11D3-BF4B-00C04F79EFBC}") = "Lab4", "Lab4\Lab4.csproj", "{FD88BD14-162F-44F8-8434-1188F2F0CFBA}"
EndProject
Global
	GlobalSection(SolutionConfigurationPlatforms) = preSolution
		Debug|Any CPU = Debug|Any CPU
		Release|Any CPU = Release|Any CPU
	EndGlobalSection
	GlobalSection(ProjectConfigurationPlatforms) = postSolution
		{4E06B95F-4DA2-4C90-8453-6ABFB500855A}.Debug|Any CPU.ActiveCfg = Debug|Any CPU
		{4E06B95F-4DA2-4C90-8453-6ABFB500855A}.Debug|Any CPU.Build.0 = Debug|Any CPU
		{4E06B95F-4DA2-4C90-8453-6ABFB500855A}.Release|Any CPU.ActiveCfg = Release|Any CPU
		{4E06B95F-4DA2-4C90-8453-6ABFB500855A}.Release|Any CPU.Build.0 = Release|Any CPU
		{DE36EDED-B0C5-4ADF-88C9-F76297535CB8}.Debug|Any CPU.ActiveCfg = Debug|Any CPU
		{DE36EDED-B0C5-4ADF-88C9-F76297535CB8}.Debug|Any CPU.Build.0 = Debug|Any CPU
		{DE36EDED-B0C5-4ADF-88C9-F76297535CB8}.Release|Any CPU.ActiveCfg = Release|Any CPU
		{DE36EDED-B0C5-4ADF-88C9-F76297535CB8}.Release|Any CPU.Build.0 = Release|Any CPU
		{FD88BD14-162F-44F8-8434-1188F2F0CFBA}.Debug|Any CPU.ActiveCfg = Debug|Any CPU
		{FD88BD14-162F-44F8-8434-1188F2F0CFBA}.Debug|Any CPU.Build.0 = Debug|Any CPU
		{FD88BD14-162F-44F8-8434-1188F2F0CFBA}.Release|Any CPU.ActiveCfg = Release|Any CPU
		{FD88BD14-162F-44F8-8434-1188F2F0CFBA}.Release|Any CPU.Build.0 = Release|Any CPU
	EndGlobalSection
	GlobalSection(SolutionProperties) = preSolution
		HideSolutionNode = FALSE
	EndGlobalSection
	GlobalSection(ExtensibilityGlobals) = postSolution
		SolutionGuid = {8CF3E825-44F3-484F-8905-3A599CA666C0}
	EndGlobalSection
EndGlobal
